
Microsoft Visual Studio Solution File, Format Version 12.00
# Visual Studio Version 17
VisualStudioVersion = 17.0.31903.59
MinimumVisualStudioVersion = 10.0.40219.1
Project("{9A19103F-16F7-4668-BE54-9A1E7A4F7556}") = "WebApi", "WebApi\WebApi.csproj", "{1274AAE9-E4D5-40AF-A208-01A0430FA5FE}"
EndProject
Project("{2150E333-8FDC-42A3-9474-1A3956D46DE8}") = "Modules", "Modules", "{823BE1E0-0CF5-47AC-9ED1-B28A3E193F33}"
EndProject
Project("{2150E333-8FDC-42A3-9474-1A3956D46DE8}") = "Companies", "Companies", "{4165D099-F828-4B1E-9EBC-46F0D4264A0A}"
EndProject
Project("{2150E333-8FDC-42A3-9474-1A3956D46DE8}") = "Explorer", "Explorer", "{FFFB13E3-2CE9-4E09-A24C-E92C8B4FF0DE}"
EndProject
Project("{2150E333-8FDC-42A3-9474-1A3956D46DE8}") = "Reviews", "Reviews", "{68641CCF-E15C-4E7D-B50A-8F58A7C37C2D}"
EndProject
Project("{2150E333-8FDC-42A3-9474-1A3956D46DE8}") = "Users", "Users", "{D6672F14-83FA-4097-9790-3797F1204A46}"
EndProject
Project("{9A19103F-16F7-4668-BE54-9A1E7A4F7556}") = "Module.Companies.Application", "Module.Companies.Application\Module.Companies.Application.csproj", "{EB21ABC7-8221-4267-BADD-2F6C2201EB87}"
EndProject
Project("{9A19103F-16F7-4668-BE54-9A1E7A4F7556}") = "Module.Companies.Domain", "Module.Companies.Domain\Module.Companies.Domain.csproj", "{CABA7C65-7638-4FD0-A5A1-B900B202BA02}"
EndProject
Project("{9A19103F-16F7-4668-BE54-9A1E7A4F7556}") = "Module.Companies.Persistence", "Module.Companies.Persistence\Module.Companies.Persistence.csproj", "{912BDAC1-2A2E-45D5-8FA1-CAE2C7CF9C5B}"
EndProject
Project("{9A19103F-16F7-4668-BE54-9A1E7A4F7556}") = "Module.Explorer.Application", "Module.Explorer.Application\Module.Explorer.Application.csproj", "{5C83510E-4517-4DAD-8167-25D18B1A1CCB}"
EndProject
Project("{9A19103F-16F7-4668-BE54-9A1E7A4F7556}") = "Module.Explorer.Domain", "Module.Explorer.Domain\Module.Explorer.Domain.csproj", "{A3ACF4E0-72D4-423F-B334-CCCC2CAF3CE6}"
EndProject
Project("{9A19103F-16F7-4668-BE54-9A1E7A4F7556}") = "Module.Explorer.Persistence", "Module.Explorer.Persistence\Module.Explorer.Persistence.csproj", "{94B29DB6-B198-455C-9B5F-D5A5F56CE746}"
EndProject
Project("{9A19103F-16F7-4668-BE54-9A1E7A4F7556}") = "Module.Reviews.Application", "Module.Reviews.Application\Module.Reviews.Application.csproj", "{547ED201-D99A-43A0-A42B-93018A0BA480}"
EndProject
Project("{9A19103F-16F7-4668-BE54-9A1E7A4F7556}") = "Module.Reviews.Domain", "Module.Reviews.Domain\Module.Reviews.Domain.csproj", "{806CFF34-A4A7-4E32-8D28-775339CC1D62}"
EndProject
Project("{9A19103F-16F7-4668-BE54-9A1E7A4F7556}") = "Module.Reviews.Persistence", "Module.Reviews.Persistence\Module.Reviews.Persistence.csproj", "{F4DCE775-1369-4373-836A-57DBF9C987B5}"
EndProject
Project("{9A19103F-16F7-4668-BE54-9A1E7A4F7556}") = "Module.Users.Application", "Module.Users.Application\Module.Users.Application.csproj", "{D600D3AE-0AA9-47B2-BC5E-22F3EA505884}"
EndProject
Project("{9A19103F-16F7-4668-BE54-9A1E7A4F7556}") = "Module.Users.Domain", "Module.Users.Domain\Module.Users.Domain.csproj", "{FDE103C5-1060-48E5-B8C4-9EED7960FBB4}"
EndProject
Project("{9A19103F-16F7-4668-BE54-9A1E7A4F7556}") = "Module.Users.Persistence", "Module.Users.Persistence\Module.Users.Persistence.csproj", "{4E9F443D-DD52-468C-B326-5632E872E0A0}"
EndProject
Project("{9A19103F-16F7-4668-BE54-9A1E7A4F7556}") = "Shared", "Shared\Shared.csproj", "{B595E68B-5204-4729-9901-7AF2C697B884}"
EndProject
Project("{9A19103F-16F7-4668-BE54-9A1E7A4F7556}") = "Module.Explorer.Contracts", "Module.Explorer.Contracts\Module.Explorer.Contracts.csproj", "{FC6EF052-FB60-4FE2-8EEF-B664E5428A8E}"
EndProject
Project("{9A19103F-16F7-4668-BE54-9A1E7A4F7556}") = "Module.Companies.Contracts", "Module.Companies.Contracts\Module.Companies.Contracts.csproj", "{506D77A2-6229-4B1E-9576-D7381D8A84FD}"
EndProject
Project("{9A19103F-16F7-4668-BE54-9A1E7A4F7556}") = "Module.Users.Contracts", "Module.Users.Contracts\Module.Users.Contracts.csproj", "{DC6152A1-576C-409E-B873-71B9C0D0000A}"
EndProject
Project("{9A19103F-16F7-4668-BE54-9A1E7A4F7556}") = "Module.Reviews.Contracts", "Module.Reviews.Contracts\Module.Reviews.Contracts.csproj", "{90BE06F8-872D-41B5-949B-78D4F4A304F9}"
EndProject
Global
	GlobalSection(SolutionConfigurationPlatforms) = preSolution
		Debug|Any CPU = Debug|Any CPU
		Release|Any CPU = Release|Any CPU
	EndGlobalSection
	GlobalSection(ProjectConfigurationPlatforms) = postSolution
		{1274AAE9-E4D5-40AF-A208-01A0430FA5FE}.Debug|Any CPU.ActiveCfg = Debug|Any CPU
		{1274AAE9-E4D5-40AF-A208-01A0430FA5FE}.Debug|Any CPU.Build.0 = Debug|Any CPU
		{1274AAE9-E4D5-40AF-A208-01A0430FA5FE}.Release|Any CPU.ActiveCfg = Release|Any CPU
		{1274AAE9-E4D5-40AF-A208-01A0430FA5FE}.Release|Any CPU.Build.0 = Release|Any CPU
		{EB21ABC7-8221-4267-BADD-2F6C2201EB87}.Debug|Any CPU.ActiveCfg = Debug|Any CPU
		{EB21ABC7-8221-4267-BADD-2F6C2201EB87}.Debug|Any CPU.Build.0 = Debug|Any CPU
		{EB21ABC7-8221-4267-BADD-2F6C2201EB87}.Release|Any CPU.ActiveCfg = Release|Any CPU
		{EB21ABC7-8221-4267-BADD-2F6C2201EB87}.Release|Any CPU.Build.0 = Release|Any CPU
		{CABA7C65-7638-4FD0-A5A1-B900B202BA02}.Debug|Any CPU.ActiveCfg = Debug|Any CPU
		{CABA7C65-7638-4FD0-A5A1-B900B202BA02}.Debug|Any CPU.Build.0 = Debug|Any CPU
		{CABA7C65-7638-4FD0-A5A1-B900B202BA02}.Release|Any CPU.ActiveCfg = Release|Any CPU
		{CABA7C65-7638-4FD0-A5A1-B900B202BA02}.Release|Any CPU.Build.0 = Release|Any CPU
		{912BDAC1-2A2E-45D5-8FA1-CAE2C7CF9C5B}.Debug|Any CPU.ActiveCfg = Debug|Any CPU
		{912BDAC1-2A2E-45D5-8FA1-CAE2C7CF9C5B}.Debug|Any CPU.Build.0 = Debug|Any CPU
		{912BDAC1-2A2E-45D5-8FA1-CAE2C7CF9C5B}.Release|Any CPU.ActiveCfg = Release|Any CPU
		{912BDAC1-2A2E-45D5-8FA1-CAE2C7CF9C5B}.Release|Any CPU.Build.0 = Release|Any CPU
		{5C83510E-4517-4DAD-8167-25D18B1A1CCB}.Debug|Any CPU.ActiveCfg = Debug|Any CPU
		{5C83510E-4517-4DAD-8167-25D18B1A1CCB}.Debug|Any CPU.Build.0 = Debug|Any CPU
		{5C83510E-4517-4DAD-8167-25D18B1A1CCB}.Release|Any CPU.ActiveCfg = Release|Any CPU
		{5C83510E-4517-4DAD-8167-25D18B1A1CCB}.Release|Any CPU.Build.0 = Release|Any CPU
		{A3ACF4E0-72D4-423F-B334-CCCC2CAF3CE6}.Debug|Any CPU.ActiveCfg = Debug|Any CPU
		{A3ACF4E0-72D4-423F-B334-CCCC2CAF3CE6}.Debug|Any CPU.Build.0 = Debug|Any CPU
		{A3ACF4E0-72D4-423F-B334-CCCC2CAF3CE6}.Release|Any CPU.ActiveCfg = Release|Any CPU
		{A3ACF4E0-72D4-423F-B334-CCCC2CAF3CE6}.Release|Any CPU.Build.0 = Release|Any CPU
		{94B29DB6-B198-455C-9B5F-D5A5F56CE746}.Debug|Any CPU.ActiveCfg = Debug|Any CPU
		{94B29DB6-B198-455C-9B5F-D5A5F56CE746}.Debug|Any CPU.Build.0 = Debug|Any CPU
		{94B29DB6-B198-455C-9B5F-D5A5F56CE746}.Release|Any CPU.ActiveCfg = Release|Any CPU
		{94B29DB6-B198-455C-9B5F-D5A5F56CE746}.Release|Any CPU.Build.0 = Release|Any CPU
		{547ED201-D99A-43A0-A42B-93018A0BA480}.Debug|Any CPU.ActiveCfg = Debug|Any CPU
		{547ED201-D99A-43A0-A42B-93018A0BA480}.Debug|Any CPU.Build.0 = Debug|Any CPU
		{547ED201-D99A-43A0-A42B-93018A0BA480}.Release|Any CPU.ActiveCfg = Release|Any CPU
		{547ED201-D99A-43A0-A42B-93018A0BA480}.Release|Any CPU.Build.0 = Release|Any CPU
		{806CFF34-A4A7-4E32-8D28-775339CC1D62}.Debug|Any CPU.ActiveCfg = Debug|Any CPU
		{806CFF34-A4A7-4E32-8D28-775339CC1D62}.Debug|Any CPU.Build.0 = Debug|Any CPU
		{806CFF34-A4A7-4E32-8D28-775339CC1D62}.Release|Any CPU.ActiveCfg = Release|Any CPU
		{806CFF34-A4A7-4E32-8D28-775339CC1D62}.Release|Any CPU.Build.0 = Release|Any CPU
		{F4DCE775-1369-4373-836A-57DBF9C987B5}.Debug|Any CPU.ActiveCfg = Debug|Any CPU
		{F4DCE775-1369-4373-836A-57DBF9C987B5}.Debug|Any CPU.Build.0 = Debug|Any CPU
		{F4DCE775-1369-4373-836A-57DBF9C987B5}.Release|Any CPU.ActiveCfg = Release|Any CPU
		{F4DCE775-1369-4373-836A-57DBF9C987B5}.Release|Any CPU.Build.0 = Release|Any CPU
		{D600D3AE-0AA9-47B2-BC5E-22F3EA505884}.Debug|Any CPU.ActiveCfg = Debug|Any CPU
		{D600D3AE-0AA9-47B2-BC5E-22F3EA505884}.Debug|Any CPU.Build.0 = Debug|Any CPU
		{D600D3AE-0AA9-47B2-BC5E-22F3EA505884}.Release|Any CPU.ActiveCfg = Release|Any CPU
		{D600D3AE-0AA9-47B2-BC5E-22F3EA505884}.Release|Any CPU.Build.0 = Release|Any CPU
		{FDE103C5-1060-48E5-B8C4-9EED7960FBB4}.Debug|Any CPU.ActiveCfg = Debug|Any CPU
		{FDE103C5-1060-48E5-B8C4-9EED7960FBB4}.Debug|Any CPU.Build.0 = Debug|Any CPU
		{FDE103C5-1060-48E5-B8C4-9EED7960FBB4}.Release|Any CPU.ActiveCfg = Release|Any CPU
		{FDE103C5-1060-48E5-B8C4-9EED7960FBB4}.Release|Any CPU.Build.0 = Release|Any CPU
		{4E9F443D-DD52-468C-B326-5632E872E0A0}.Debug|Any CPU.ActiveCfg = Debug|Any CPU
		{4E9F443D-DD52-468C-B326-5632E872E0A0}.Debug|Any CPU.Build.0 = Debug|Any CPU
		{4E9F443D-DD52-468C-B326-5632E872E0A0}.Release|Any CPU.ActiveCfg = Release|Any CPU
		{4E9F443D-DD52-468C-B326-5632E872E0A0}.Release|Any CPU.Build.0 = Release|Any CPU
		{B595E68B-5204-4729-9901-7AF2C697B884}.Debug|Any CPU.ActiveCfg = Debug|Any CPU
		{B595E68B-5204-4729-9901-7AF2C697B884}.Debug|Any CPU.Build.0 = Debug|Any CPU
		{B595E68B-5204-4729-9901-7AF2C697B884}.Release|Any CPU.ActiveCfg = Release|Any CPU
		{B595E68B-5204-4729-9901-7AF2C697B884}.Release|Any CPU.Build.0 = Release|Any CPU
		{FC6EF052-FB60-4FE2-8EEF-B664E5428A8E}.Debug|Any CPU.ActiveCfg = Debug|Any CPU
		{FC6EF052-FB60-4FE2-8EEF-B664E5428A8E}.Debug|Any CPU.Build.0 = Debug|Any CPU
		{FC6EF052-FB60-4FE2-8EEF-B664E5428A8E}.Release|Any CPU.ActiveCfg = Release|Any CPU
		{FC6EF052-FB60-4FE2-8EEF-B664E5428A8E}.Release|Any CPU.Build.0 = Release|Any CPU
		{506D77A2-6229-4B1E-9576-D7381D8A84FD}.Debug|Any CPU.ActiveCfg = Debug|Any CPU
		{506D77A2-6229-4B1E-9576-D7381D8A84FD}.Debug|Any CPU.Build.0 = Debug|Any CPU
		{506D77A2-6229-4B1E-9576-D7381D8A84FD}.Release|Any CPU.ActiveCfg = Release|Any CPU
		{506D77A2-6229-4B1E-9576-D7381D8A84FD}.Release|Any CPU.Build.0 = Release|Any CPU
		{DC6152A1-576C-409E-B873-71B9C0D0000A}.Debug|Any CPU.ActiveCfg = Debug|Any CPU
		{DC6152A1-576C-409E-B873-71B9C0D0000A}.Debug|Any CPU.Build.0 = Debug|Any CPU
		{DC6152A1-576C-409E-B873-71B9C0D0000A}.Release|Any CPU.ActiveCfg = Release|Any CPU
		{DC6152A1-576C-409E-B873-71B9C0D0000A}.Release|Any CPU.Build.0 = Release|Any CPU
		{90BE06F8-872D-41B5-949B-78D4F4A304F9}.Debug|Any CPU.ActiveCfg = Debug|Any CPU
		{90BE06F8-872D-41B5-949B-78D4F4A304F9}.Debug|Any CPU.Build.0 = Debug|Any CPU
		{90BE06F8-872D-41B5-949B-78D4F4A304F9}.Release|Any CPU.ActiveCfg = Release|Any CPU
		{90BE06F8-872D-41B5-949B-78D4F4A304F9}.Release|Any CPU.Build.0 = Release|Any CPU
	EndGlobalSection
	GlobalSection(SolutionProperties) = preSolution
		HideSolutionNode = FALSE
	EndGlobalSection
	GlobalSection(NestedProjects) = preSolution
		{4165D099-F828-4B1E-9EBC-46F0D4264A0A} = {823BE1E0-0CF5-47AC-9ED1-B28A3E193F33}
		{FFFB13E3-2CE9-4E09-A24C-E92C8B4FF0DE} = {823BE1E0-0CF5-47AC-9ED1-B28A3E193F33}
		{68641CCF-E15C-4E7D-B50A-8F58A7C37C2D} = {823BE1E0-0CF5-47AC-9ED1-B28A3E193F33}
		{D6672F14-83FA-4097-9790-3797F1204A46} = {823BE1E0-0CF5-47AC-9ED1-B28A3E193F33}
		{EB21ABC7-8221-4267-BADD-2F6C2201EB87} = {4165D099-F828-4B1E-9EBC-46F0D4264A0A}
		{CABA7C65-7638-4FD0-A5A1-B900B202BA02} = {4165D099-F828-4B1E-9EBC-46F0D4264A0A}
		{912BDAC1-2A2E-45D5-8FA1-CAE2C7CF9C5B} = {4165D099-F828-4B1E-9EBC-46F0D4264A0A}
		{5C83510E-4517-4DAD-8167-25D18B1A1CCB} = {FFFB13E3-2CE9-4E09-A24C-E92C8B4FF0DE}
		{A3ACF4E0-72D4-423F-B334-CCCC2CAF3CE6} = {FFFB13E3-2CE9-4E09-A24C-E92C8B4FF0DE}
		{94B29DB6-B198-455C-9B5F-D5A5F56CE746} = {FFFB13E3-2CE9-4E09-A24C-E92C8B4FF0DE}
		{547ED201-D99A-43A0-A42B-93018A0BA480} = {68641CCF-E15C-4E7D-B50A-8F58A7C37C2D}
		{806CFF34-A4A7-4E32-8D28-775339CC1D62} = {68641CCF-E15C-4E7D-B50A-8F58A7C37C2D}
		{F4DCE775-1369-4373-836A-57DBF9C987B5} = {68641CCF-E15C-4E7D-B50A-8F58A7C37C2D}
		{D600D3AE-0AA9-47B2-BC5E-22F3EA505884} = {D6672F14-83FA-4097-9790-3797F1204A46}
		{FDE103C5-1060-48E5-B8C4-9EED7960FBB4} = {D6672F14-83FA-4097-9790-3797F1204A46}
		{4E9F443D-DD52-468C-B326-5632E872E0A0} = {D6672F14-83FA-4097-9790-3797F1204A46}
		{FC6EF052-FB60-4FE2-8EEF-B664E5428A8E} = {FFFB13E3-2CE9-4E09-A24C-E92C8B4FF0DE}
		{506D77A2-6229-4B1E-9576-D7381D8A84FD} = {4165D099-F828-4B1E-9EBC-46F0D4264A0A}
		{DC6152A1-576C-409E-B873-71B9C0D0000A} = {D6672F14-83FA-4097-9790-3797F1204A46}
		{90BE06F8-872D-41B5-949B-78D4F4A304F9} = {68641CCF-E15C-4E7D-B50A-8F58A7C37C2D}
	EndGlobalSection
	GlobalSection(ExtensibilityGlobals) = postSolution
		SolutionGuid = {87797B3F-D542-4AA4-A860-E9DC6A66EBC0}
	EndGlobalSection
EndGlobal
